Microsoft Visual Studio Solution File, Format Version 11.00
# Visual Studio 2008

Project("{8238D9DD-B5C3-7A7F-B36B-F14A3E8555FC}") = "knaps", "Assembly-CSharp.csproj", "{E2FF3D35-E13F-9212-E584-668448F1E5CB}"
EndProject
Global
	GlobalSection(SolutionConfigurationPlatforms) = preSolution
		Debug|Any CPU = Debug|Any CPU
		Release|Any CPU = Release|Any CPU
	EndGlobalSection
	GlobalSection(ProjectConfigurationPlatforms) = postSolution
		{E2FF3D35-E13F-9212-E584-668448F1E5CB}.Debug|Any CPU.ActiveCfg = Debug|Any CPU
		{E2FF3D35-E13F-9212-E584-668448F1E5CB}.Debug|Any CPU.Build.0 = Debug|Any CPU
		{E2FF3D35-E13F-9212-E584-668448F1E5CB}.Release|Any CPU.ActiveCfg = Release|Any CPU
		{E2FF3D35-E13F-9212-E584-668448F1E5CB}.Release|Any CPU.Build.0 = Release|Any CPU
	EndGlobalSection
	GlobalSection(SolutionProperties) = preSolution
		HideSolutionNode = FALSE
	EndGlobalSection
	GlobalSection(MonoDevelopProperties) = preSolution
		StartupItem = Assembly-CSharp.csproj
	EndGlobalSection
EndGlobal
